
Microsoft Visual Studio Solution File, Format Version 12.00
# Visual Studio Version 16
VisualStudioVersion = 16.0.33423.256
MinimumVisualStudioVersion = 10.0.40219.1
Project("{FAE04EC0-301F-11D3-BF4B-00C04F79EFBC}") = "pizza", "pizza.csproj", "{03D590B7-81FC-49B6-AED9-67C9C60750AB}"
EndProject
Global
	GlobalSection(SolutionConfigurationPlatforms) = preSolution
		Debug|Any CPU = Debug|Any CPU
		Release|Any CPU = Release|Any CPU
	EndGlobalSection
	GlobalSection(ProjectConfigurationPlatforms) = postSolution
		{03D590B7-81FC-49B6-AED9-67C9C60750AB}.Debug|Any CPU.ActiveCfg = Debug|Any CPU
		{03D590B7-81FC-49B6-AED9-67C9C60750AB}.Debug|Any CPU.Build.0 = Debug|Any CPU
		{03D590B7-81FC-49B6-AED9-67C9C60750AB}.Release|Any CPU.ActiveCfg = Release|Any CPU
		{03D590B7-81FC-49B6-AED9-67C9C60750AB}.Release|Any CPU.Build.0 = Release|Any CPU
	EndGlobalSection
	GlobalSection(SolutionProperties) = preSolution
		HideSolutionNode = FALSE
	EndGlobalSection
	GlobalSection(ExtensibilityGlobals) = postSolution
		SolutionGuid = {7138DBE8-48E6-4FF6-B54E-7760794C4722}
	EndGlobalSection
EndGlobal
